
Microsoft Visual Studio Solution File, Format Version 12.00
# Visual Studio 2012
Project("{2150E333-8FDC-42A3-9474-1A3956D46DE8}") = ".nuget", ".nuget", "{E526A334-884E-43C0-8293-0829C9EB80AC}"
	ProjectSection(SolutionItems) = preProject
		.nuget\NuGet.Config = .nuget\NuGet.Config
		.nuget\NuGet.exe = .nuget\NuGet.exe
		.nuget\NuGet.targets = .nuget\NuGet.targets
	EndProjectSection
EndProject
Project("{2150E333-8FDC-42A3-9474-1A3956D46DE8}") = ".node", ".node", "{02812593-E86A-4F17-9A6E-35822319C1FF}"
	ProjectSection(SolutionItems) = preProject
		Samples.Nancy\package.json = Samples.Nancy\package.json
		Samples.Nancy\server.js = Samples.Nancy\server.js
	EndProjectSection
EndProject
Project("{FAE04EC0-301F-11D3-BF4B-00C04F79EFBC}") = "Samples.Nancy", "Samples.Nancy\Samples.Nancy.csproj", "{EF22A3A1-0B1E-476C-A9DD-04D93792D16B}"
EndProject
Global
	GlobalSection(SolutionConfigurationPlatforms) = preSolution
		Debug|Any CPU = Debug|Any CPU
		Release|Any CPU = Release|Any CPU
	EndGlobalSection
	GlobalSection(ProjectConfigurationPlatforms) = postSolution
		{EF22A3A1-0B1E-476C-A9DD-04D93792D16B}.Debug|Any CPU.ActiveCfg = Debug|Any CPU
		{EF22A3A1-0B1E-476C-A9DD-04D93792D16B}.Debug|Any CPU.Build.0 = Debug|Any CPU
		{EF22A3A1-0B1E-476C-A9DD-04D93792D16B}.Release|Any CPU.ActiveCfg = Release|Any CPU
		{EF22A3A1-0B1E-476C-A9DD-04D93792D16B}.Release|Any CPU.Build.0 = Release|Any CPU
	EndGlobalSection
	GlobalSection(SolutionProperties) = preSolution
		HideSolutionNode = FALSE
	EndGlobalSection
EndGlobal
